
Microsoft Visual Studio Solution File, Format Version 12.00
# Visual Studio Version 17
VisualStudioVersion = 17.3.32922.545
MinimumVisualStudioVersion = 10.0.40219.1
Project("{FAE04EC0-301F-11D3-BF4B-00C04F79EFBC}") = "MailClient", "MailClient\MailClient.csproj", "{EE2670A9-6004-41FE-8DD1-2897506BCA21}"
EndProject
Global
	GlobalSection(SolutionConfigurationPlatforms) = preSolution
		Debug|Any CPU = Debug|Any CPU
		Release|Any CPU = Release|Any CPU
	EndGlobalSection
	GlobalSection(ProjectConfigurationPlatforms) = postSolution
		{EE2670A9-6004-41FE-8DD1-2897506BCA21}.Debug|Any CPU.ActiveCfg = Debug|Any CPU
		{EE2670A9-6004-41FE-8DD1-2897506BCA21}.Debug|Any CPU.Build.0 = Debug|Any CPU
		{EE2670A9-6004-41FE-8DD1-2897506BCA21}.Release|Any CPU.ActiveCfg = Release|Any CPU
		{EE2670A9-6004-41FE-8DD1-2897506BCA21}.Release|Any CPU.Build.0 = Release|Any CPU
	EndGlobalSection
	GlobalSection(SolutionProperties) = preSolution
		HideSolutionNode = FALSE
	EndGlobalSection
	GlobalSection(ExtensibilityGlobals) = postSolution
		SolutionGuid = {10082A99-3A30-4396-AF98-A522B02C7AF7}
	EndGlobalSection
EndGlobal
